<Solution>
  <Configurations>
    <Platform Name="ARM64" />
    <Platform Name="x64" />
    <Platform Name="x86" />
  </Configurations>
  <Folder Name="/build/">
    <File Path="../build/Directory.Build.csproj.props" />
    <File Path="../build/Directory.Build.csproj.targets" />
    <File Path="../build/Directory.Build.vcxproj.props" />
    <File Path="../build/Directory.Build.vcxproj.targets" />
    <File Path="../RepoRoot.props" />
    <File Path="Directory.Build.props" />
    <File Path="Directory.Build.targets" />
  </Folder>
  <Project Path="MRM/MRM.vcxproj" Id="cf03cc8d-fff1-4cdc-b773-d219ad4e6f76" />
  <Project Path="mrmex/mrmex.vcxproj" Id="c3dbe42d-246e-45f1-8b66-8a8556c0784b" />
  <Project Path="mrmmin/mrmmin.vcxproj" Id="ab199369-87e7-44b4-ae83-7cf5c068efeb" />
  <Project Path="Sunburst.MRTCore/Sunburst.MRTCore.csproj" />
</Solution>
